
Microsoft Visual Studio Solution File, Format Version 12.00
# Visual Studio 15
VisualStudioVersion = 15.0.27428.2005
MinimumVisualStudioVersion = 10.0.40219.1
Project("{FAE04EC0-301F-11D3-BF4B-00C04F79EFBC}") = "BaseBallGameWindows", "BaseBallGameWindows\BaseBallGameWindows.csproj", "{5881DADA-CA30-4F57-9F8F-A832C52DF539}"
EndProject
Global
	GlobalSection(SolutionConfigurationPlatforms) = preSolution
		Debug|Any CPU = Debug|Any CPU
		Release|Any CPU = Release|Any CPU
	EndGlobalSection
	GlobalSection(ProjectConfigurationPlatforms) = postSolution
		{5881DADA-CA30-4F57-9F8F-A832C52DF539}.Debug|Any CPU.ActiveCfg = Debug|Any CPU
		{5881DADA-CA30-4F57-9F8F-A832C52DF539}.Debug|Any CPU.Build.0 = Debug|Any CPU
		{5881DADA-CA30-4F57-9F8F-A832C52DF539}.Release|Any CPU.ActiveCfg = Release|Any CPU
		{5881DADA-CA30-4F57-9F8F-A832C52DF539}.Release|Any CPU.Build.0 = Release|Any CPU
	EndGlobalSection
	GlobalSection(SolutionProperties) = preSolution
		HideSolutionNode = FALSE
	EndGlobalSection
	GlobalSection(ExtensibilityGlobals) = postSolution
		SolutionGuid = {16BF6DB2-8B6D-45BC-B9C8-A21F0BFF4DF6}
	EndGlobalSection
EndGlobal
